
Microsoft Visual Studio Solution File, Format Version 12.00
# Visual Studio Version 17
VisualStudioVersion = 17.7.34024.191
MinimumVisualStudioVersion = 10.0.40219.1
Project("{FAE04EC0-301F-11D3-BF4B-00C04F79EFBC}") = "OkulApp", "OkulAppSube1BIL\OkulApp.csproj", "{8FAA0E12-1CE3-4D81-A2F9-0B5BFAA8C8E4}"
EndProject
Project("{9A19103F-16F7-4668-BE54-9A1E7A4F7556}") = "DAL", "DAL\DAL.csproj", "{C92A3FBA-E75C-4554-A715-54E2261CBD01}"
EndProject
Project("{9A19103F-16F7-4668-BE54-9A1E7A4F7556}") = "OkulApp.BLL", "OkulApp.BLL\OkulApp.BLL.csproj", "{C8A92DBB-C26A-4957-B081-1B53BF56411C}"
EndProject
Project("{9A19103F-16F7-4668-BE54-9A1E7A4F7556}") = "OkulApp.MODEL", "OkulApp.MODEL\OkulApp.MODEL.csproj", "{267F2555-A169-4DD1-9E46-82D4C2D3AA7E}"
EndProject
Global
	GlobalSection(SolutionConfigurationPlatforms) = preSolution
		Debug|Any CPU = Debug|Any CPU
		Release|Any CPU = Release|Any CPU
	EndGlobalSection
	GlobalSection(ProjectConfigurationPlatforms) = postSolution
		{8FAA0E12-1CE3-4D81-A2F9-0B5BFAA8C8E4}.Debug|Any CPU.ActiveCfg = Debug|Any CPU
		{8FAA0E12-1CE3-4D81-A2F9-0B5BFAA8C8E4}.Debug|Any CPU.Build.0 = Debug|Any CPU
		{8FAA0E12-1CE3-4D81-A2F9-0B5BFAA8C8E4}.Release|Any CPU.ActiveCfg = Release|Any CPU
		{8FAA0E12-1CE3-4D81-A2F9-0B5BFAA8C8E4}.Release|Any CPU.Build.0 = Release|Any CPU
		{C92A3FBA-E75C-4554-A715-54E2261CBD01}.Debug|Any CPU.ActiveCfg = Debug|Any CPU
		{C92A3FBA-E75C-4554-A715-54E2261CBD01}.Debug|Any CPU.Build.0 = Debug|Any CPU
		{C92A3FBA-E75C-4554-A715-54E2261CBD01}.Release|Any CPU.ActiveCfg = Release|Any CPU
		{C92A3FBA-E75C-4554-A715-54E2261CBD01}.Release|Any CPU.Build.0 = Release|Any CPU
		{C8A92DBB-C26A-4957-B081-1B53BF56411C}.Debug|Any CPU.ActiveCfg = Debug|Any CPU
		{C8A92DBB-C26A-4957-B081-1B53BF56411C}.Debug|Any CPU.Build.0 = Debug|Any CPU
		{C8A92DBB-C26A-4957-B081-1B53BF56411C}.Release|Any CPU.ActiveCfg = Release|Any CPU
		{C8A92DBB-C26A-4957-B081-1B53BF56411C}.Release|Any CPU.Build.0 = Release|Any CPU
		{267F2555-A169-4DD1-9E46-82D4C2D3AA7E}.Debug|Any CPU.ActiveCfg = Debug|Any CPU
		{267F2555-A169-4DD1-9E46-82D4C2D3AA7E}.Debug|Any CPU.Build.0 = Debug|Any CPU
		{267F2555-A169-4DD1-9E46-82D4C2D3AA7E}.Release|Any CPU.ActiveCfg = Release|Any CPU
		{267F2555-A169-4DD1-9E46-82D4C2D3AA7E}.Release|Any CPU.Build.0 = Release|Any CPU
	EndGlobalSection
	GlobalSection(SolutionProperties) = preSolution
		HideSolutionNode = FALSE
	EndGlobalSection
	GlobalSection(ExtensibilityGlobals) = postSolution
		SolutionGuid = {21D6BF81-C0D6-4FF9-A1CF-0D819B50DC60}
	EndGlobalSection
EndGlobal
